
Microsoft Visual Studio Solution File, Format Version 12.00
# Visual Studio Version 16
VisualStudioVersion = 16.0.31025.194
MinimumVisualStudioVersion = 10.0.40219.1
Project("{FAE04EC0-301F-11D3-BF4B-00C04F79EFBC}") = "Ejercicio2.Android", "Ejercicio2\Ejercicio2.Android\Ejercicio2.Android.csproj", "{F74DF2C5-A290-464B-B321-C70CEBDA08EA}"
EndProject
Project("{FAE04EC0-301F-11D3-BF4B-00C04F79EFBC}") = "Ejercicio2.iOS", "Ejercicio2\Ejercicio2.iOS\Ejercicio2.iOS.csproj", "{5FED6FAA-2CA9-49C5-8793-5ABCDBE15EFA}"
EndProject
Project("{FAE04EC0-301F-11D3-BF4B-00C04F79EFBC}") = "Ejercicio2", "Ejercicio2\Ejercicio2\Ejercicio2.csproj", "{7289FDB4-A827-4874-A577-9D6F99025E5C}"
EndProject
Global
	GlobalSection(SolutionConfigurationPlatforms) = preSolution
		Debug|Any CPU = Debug|Any CPU
		Debug|iPhone = Debug|iPhone
		Debug|iPhoneSimulator = Debug|iPhoneSimulator
		Release|Any CPU = Release|Any CPU
		Release|iPhone = Release|iPhone
		Release|iPhoneSimulator = Release|iPhoneSimulator
	EndGlobalSection
	GlobalSection(ProjectConfigurationPlatforms) = postSolution
		{F74DF2C5-A290-464B-B321-C70CEBDA08EA}.Debug|Any CPU.ActiveCfg = Debug|Any CPU
		{F74DF2C5-A290-464B-B321-C70CEBDA08EA}.Debug|Any CPU.Build.0 = Debug|Any CPU
		{F74DF2C5-A290-464B-B321-C70CEBDA08EA}.Debug|Any CPU.Deploy.0 = Debug|Any CPU
		{F74DF2C5-A290-464B-B321-C70CEBDA08EA}.Debug|iPhone.ActiveCfg = Debug|Any CPU
		{F74DF2C5-A290-464B-B321-C70CEBDA08EA}.Debug|iPhone.Build.0 = Debug|Any CPU
		{F74DF2C5-A290-464B-B321-C70CEBDA08EA}.Debug|iPhone.Deploy.0 = Debug|Any CPU
		{F74DF2C5-A290-464B-B321-C70CEBDA08EA}.Debug|iPhoneSimulator.ActiveCfg = Debug|Any CPU
		{F74DF2C5-A290-464B-B321-C70CEBDA08EA}.Debug|iPhoneSimulator.Build.0 = Debug|Any CPU
		{F74DF2C5-A290-464B-B321-C70CEBDA08EA}.Debug|iPhoneSimulator.Deploy.0 = Debug|Any CPU
		{F74DF2C5-A290-464B-B321-C70CEBDA08EA}.Release|Any CPU.ActiveCfg = Release|Any CPU
		{F74DF2C5-A290-464B-B321-C70CEBDA08EA}.Release|Any CPU.Build.0 = Release|Any CPU
		{F74DF2C5-A290-464B-B321-C70CEBDA08EA}.Release|Any CPU.Deploy.0 = Release|Any CPU
		{F74DF2C5-A290-464B-B321-C70CEBDA08EA}.Release|iPhone.ActiveCfg = Release|Any CPU
		{F74DF2C5-A290-464B-B321-C70CEBDA08EA}.Release|iPhone.Build.0 = Release|Any CPU
		{F74DF2C5-A290-464B-B321-C70CEBDA08EA}.Release|iPhone.Deploy.0 = Release|Any CPU
		{F74DF2C5-A290-464B-B321-C70CEBDA08EA}.Release|iPhoneSimulator.ActiveCfg = Release|Any CPU
		{F74DF2C5-A290-464B-B321-C70CEBDA08EA}.Release|iPhoneSimulator.Build.0 = Release|Any CPU
		{F74DF2C5-A290-464B-B321-C70CEBDA08EA}.Release|iPhoneSimulator.Deploy.0 = Release|Any CPU
		{5FED6FAA-2CA9-49C5-8793-5ABCDBE15EFA}.Debug|Any CPU.ActiveCfg = Debug|iPhone
		{5FED6FAA-2CA9-49C5-8793-5ABCDBE15EFA}.Debug|Any CPU.Build.0 = Debug|iPhone
		{5FED6FAA-2CA9-49C5-8793-5ABCDBE15EFA}.Debug|Any CPU.Deploy.0 = Debug|iPhone
		{5FED6FAA-2CA9-49C5-8793-5ABCDBE15EFA}.Debug|iPhone.ActiveCfg = Debug|iPhone
		{5FED6FAA-2CA9-49C5-8793-5ABCDBE15EFA}.Debug|iPhone.Build.0 = Debug|iPhone
		{5FED6FAA-2CA9-49C5-8793-5ABCDBE15EFA}.Debug|iPhone.Deploy.0 = Debug|iPhone
		{5FED6FAA-2CA9-49C5-8793-5ABCDBE15EFA}.Debug|iPhoneSimulator.ActiveCfg = Debug|iPhoneSimulator
		{5FED6FAA-2CA9-49C5-8793-5ABCDBE15EFA}.Debug|iPhoneSimulator.Build.0 = Debug|iPhoneSimulator
		{5FED6FAA-2CA9-49C5-8793-5ABCDBE15EFA}.Debug|iPhoneSimulator.Deploy.0 = Debug|iPhoneSimulator
		{5FED6FAA-2CA9-49C5-8793-5ABCDBE15EFA}.Release|Any CPU.ActiveCfg = Release|iPhoneSimulator
		{5FED6FAA-2CA9-49C5-8793-5ABCDBE15EFA}.Release|Any CPU.Build.0 = Release|iPhoneSimulator
		{5FED6FAA-2CA9-49C5-8793-5ABCDBE15EFA}.Release|Any CPU.Deploy.0 = Release|iPhoneSimulator
		{5FED6FAA-2CA9-49C5-8793-5ABCDBE15EFA}.Release|iPhone.ActiveCfg = Release|iPhone
		{5FED6FAA-2CA9-49C5-8793-5ABCDBE15EFA}.Release|iPhone.Build.0 = Release|iPhone
		{5FED6FAA-2CA9-49C5-8793-5ABCDBE15EFA}.Release|iPhone.Deploy.0 = Release|iPhone
		{5FED6FAA-2CA9-49C5-8793-5ABCDBE15EFA}.Release|iPhoneSimulator.ActiveCfg = Release|iPhoneSimulator
		{5FED6FAA-2CA9-49C5-8793-5ABCDBE15EFA}.Release|iPhoneSimulator.Build.0 = Release|iPhoneSimulator
		{5FED6FAA-2CA9-49C5-8793-5ABCDBE15EFA}.Release|iPhoneSimulator.Deploy.0 = Release|iPhoneSimulator
		{7289FDB4-A827-4874-A577-9D6F99025E5C}.Debug|Any CPU.ActiveCfg = Debug|Any CPU
		{7289FDB4-A827-4874-A577-9D6F99025E5C}.Debug|Any CPU.Build.0 = Debug|Any CPU
		{7289FDB4-A827-4874-A577-9D6F99025E5C}.Debug|Any CPU.Deploy.0 = Debug|Any CPU
		{7289FDB4-A827-4874-A577-9D6F99025E5C}.Debug|iPhone.ActiveCfg = Debug|Any CPU
		{7289FDB4-A827-4874-A577-9D6F99025E5C}.Debug|iPhone.Build.0 = Debug|Any CPU
		{7289FDB4-A827-4874-A577-9D6F99025E5C}.Debug|iPhone.Deploy.0 = Debug|Any CPU
		{7289FDB4-A827-4874-A577-9D6F99025E5C}.Debug|iPhoneSimulator.ActiveCfg = Debug|Any CPU
		{7289FDB4-A827-4874-A577-9D6F99025E5C}.Debug|iPhoneSimulator.Build.0 = Debug|Any CPU
		{7289FDB4-A827-4874-A577-9D6F99025E5C}.Debug|iPhoneSimulator.Deploy.0 = Debug|Any CPU
		{7289FDB4-A827-4874-A577-9D6F99025E5C}.Release|Any CPU.ActiveCfg = Release|Any CPU
		{7289FDB4-A827-4874-A577-9D6F99025E5C}.Release|Any CPU.Build.0 = Release|Any CPU
		{7289FDB4-A827-4874-A577-9D6F99025E5C}.Release|Any CPU.Deploy.0 = Release|Any CPU
		{7289FDB4-A827-4874-A577-9D6F99025E5C}.Release|iPhone.ActiveCfg = Release|Any CPU
		{7289FDB4-A827-4874-A577-9D6F99025E5C}.Release|iPhone.Build.0 = Release|Any CPU
		{7289FDB4-A827-4874-A577-9D6F99025E5C}.Release|iPhone.Deploy.0 = Release|Any CPU
		{7289FDB4-A827-4874-A577-9D6F99025E5C}.Release|iPhoneSimulator.ActiveCfg = Release|Any CPU
		{7289FDB4-A827-4874-A577-9D6F99025E5C}.Release|iPhoneSimulator.Build.0 = Release|Any CPU
		{7289FDB4-A827-4874-A577-9D6F99025E5C}.Release|iPhoneSimulator.Deploy.0 = Release|Any CPU
	EndGlobalSection
	GlobalSection(SolutionProperties) = preSolution
		HideSolutionNode = FALSE
	EndGlobalSection
	GlobalSection(ExtensibilityGlobals) = postSolution
		SolutionGuid = {68F560C4-C665-47F3-9476-B6C3D9C82BB1}
	EndGlobalSection
EndGlobal
